
Microsoft Visual Studio Solution File, Format Version 12.00
# Visual Studio Version 17
VisualStudioVersion = 17.0.31903.59
MinimumVisualStudioVersion = 10.0.40219.1
Project("{F2A71F9B-5D33-465A-A702-920D77279786}") = "Lib", "Lib\Lib.fsproj", "{21A1F34C-7031-4052-A6CF-E36FEA6A8C4B}"
EndProject
Project("{F2A71F9B-5D33-465A-A702-920D77279786}") = "Cli", "Cli\Cli.fsproj", "{95001727-3A53-4284-A563-4EC198DC6654}"
EndProject
Project("{F2A71F9B-5D33-465A-A702-920D77279786}") = "Test", "Test\Test.fsproj", "{4A4DAC91-AF7D-4360-BE91-81B6B6C079DF}"
EndProject
Project("{2150E333-8FDC-42A3-9474-1A3956D46DE8}") = "paket-files", "paket-files", "{A723C3FE-9BE5-4B0D-82A5-50B154735E69}"
EndProject
Project("{2150E333-8FDC-42A3-9474-1A3956D46DE8}") = "TylerBrinks", "TylerBrinks", "{063E41BF-CA5B-4215-A0CB-0D98A5ED3B2A}"
EndProject
Project("{2150E333-8FDC-42A3-9474-1A3956D46DE8}") = "SqlParser-cs", "SqlParser-cs", "{98737CF4-B5C5-44BE-B62D-D572A49E346E}"
EndProject
Project("{2150E333-8FDC-42A3-9474-1A3956D46DE8}") = "SqlParser-cs-2dd53cd0cf4d7df362b9f81343f8bc9800006e02", "SqlParser-cs-2dd53cd0cf4d7df362b9f81343f8bc9800006e02", "{6A260585-F658-4DA3-9708-E63D1B8264E3}"
EndProject
Project("{2150E333-8FDC-42A3-9474-1A3956D46DE8}") = "src", "src", "{9D62889D-1844-4F23-9133-BFB413164E9A}"
EndProject
Project("{FAE04EC0-301F-11D3-BF4B-00C04F79EFBC}") = "SqlParser", "paket-files\TylerBrinks\SqlParser-cs\SqlParser-cs-2dd53cd0cf4d7df362b9f81343f8bc9800006e02\src\SqlParser\SqlParser.csproj", "{EB885FC9-5CC5-41DB-BB66-ABA9D9C9403A}"
EndProject
Global
	GlobalSection(SolutionConfigurationPlatforms) = preSolution
		Debug|Any CPU = Debug|Any CPU
		Release|Any CPU = Release|Any CPU
	EndGlobalSection
	GlobalSection(SolutionProperties) = preSolution
		HideSolutionNode = FALSE
	EndGlobalSection
	GlobalSection(ProjectConfigurationPlatforms) = postSolution
		{21A1F34C-7031-4052-A6CF-E36FEA6A8C4B}.Debug|Any CPU.ActiveCfg = Debug|Any CPU
		{21A1F34C-7031-4052-A6CF-E36FEA6A8C4B}.Debug|Any CPU.Build.0 = Debug|Any CPU
		{21A1F34C-7031-4052-A6CF-E36FEA6A8C4B}.Release|Any CPU.ActiveCfg = Release|Any CPU
		{21A1F34C-7031-4052-A6CF-E36FEA6A8C4B}.Release|Any CPU.Build.0 = Release|Any CPU
		{95001727-3A53-4284-A563-4EC198DC6654}.Debug|Any CPU.ActiveCfg = Debug|Any CPU
		{95001727-3A53-4284-A563-4EC198DC6654}.Debug|Any CPU.Build.0 = Debug|Any CPU
		{95001727-3A53-4284-A563-4EC198DC6654}.Release|Any CPU.ActiveCfg = Release|Any CPU
		{95001727-3A53-4284-A563-4EC198DC6654}.Release|Any CPU.Build.0 = Release|Any CPU
		{4A4DAC91-AF7D-4360-BE91-81B6B6C079DF}.Debug|Any CPU.ActiveCfg = Debug|Any CPU
		{4A4DAC91-AF7D-4360-BE91-81B6B6C079DF}.Debug|Any CPU.Build.0 = Debug|Any CPU
		{4A4DAC91-AF7D-4360-BE91-81B6B6C079DF}.Release|Any CPU.ActiveCfg = Release|Any CPU
		{4A4DAC91-AF7D-4360-BE91-81B6B6C079DF}.Release|Any CPU.Build.0 = Release|Any CPU
		{EB885FC9-5CC5-41DB-BB66-ABA9D9C9403A}.Debug|Any CPU.ActiveCfg = Debug|Any CPU
		{EB885FC9-5CC5-41DB-BB66-ABA9D9C9403A}.Debug|Any CPU.Build.0 = Debug|Any CPU
		{EB885FC9-5CC5-41DB-BB66-ABA9D9C9403A}.Release|Any CPU.ActiveCfg = Release|Any CPU
		{EB885FC9-5CC5-41DB-BB66-ABA9D9C9403A}.Release|Any CPU.Build.0 = Release|Any CPU
	EndGlobalSection
	GlobalSection(NestedProjects) = preSolution
		{063E41BF-CA5B-4215-A0CB-0D98A5ED3B2A} = {A723C3FE-9BE5-4B0D-82A5-50B154735E69}
		{98737CF4-B5C5-44BE-B62D-D572A49E346E} = {063E41BF-CA5B-4215-A0CB-0D98A5ED3B2A}
		{6A260585-F658-4DA3-9708-E63D1B8264E3} = {98737CF4-B5C5-44BE-B62D-D572A49E346E}
		{9D62889D-1844-4F23-9133-BFB413164E9A} = {6A260585-F658-4DA3-9708-E63D1B8264E3}
		{EB885FC9-5CC5-41DB-BB66-ABA9D9C9403A} = {9D62889D-1844-4F23-9133-BFB413164E9A}
	EndGlobalSection
EndGlobal
