
Microsoft Visual Studio Solution File, Format Version 12.00
# Visual Studio Version 17
VisualStudioVersion = 17.0.31903.59
MinimumVisualStudioVersion = 10.0.40219.1
Project("{F2A71F9B-5D33-465A-A702-920D77279786}") = "Lib", "Lib\Lib.fsproj", "{21A1F34C-7031-4052-A6CF-E36FEA6A8C4B}"
EndProject
Project("{F2A71F9B-5D33-465A-A702-920D77279786}") = "Cli", "Cli\Cli.fsproj", "{95001727-3A53-4284-A563-4EC198DC6654}"
EndProject
Project("{F2A71F9B-5D33-465A-A702-920D77279786}") = "Test", "Test\Test.fsproj", "{4A4DAC91-AF7D-4360-BE91-81B6B6C079DF}"
EndProject
Global
	GlobalSection(SolutionConfigurationPlatforms) = preSolution
		Debug|Any CPU = Debug|Any CPU
		Release|Any CPU = Release|Any CPU
	EndGlobalSection
	GlobalSection(SolutionProperties) = preSolution
		HideSolutionNode = FALSE
	EndGlobalSection
	GlobalSection(ProjectConfigurationPlatforms) = postSolution
		{21A1F34C-7031-4052-A6CF-E36FEA6A8C4B}.Debug|Any CPU.ActiveCfg = Debug|Any CPU
		{21A1F34C-7031-4052-A6CF-E36FEA6A8C4B}.Debug|Any CPU.Build.0 = Debug|Any CPU
		{21A1F34C-7031-4052-A6CF-E36FEA6A8C4B}.Release|Any CPU.ActiveCfg = Release|Any CPU
		{21A1F34C-7031-4052-A6CF-E36FEA6A8C4B}.Release|Any CPU.Build.0 = Release|Any CPU
		{95001727-3A53-4284-A563-4EC198DC6654}.Debug|Any CPU.ActiveCfg = Debug|Any CPU
		{95001727-3A53-4284-A563-4EC198DC6654}.Debug|Any CPU.Build.0 = Debug|Any CPU
		{95001727-3A53-4284-A563-4EC198DC6654}.Release|Any CPU.ActiveCfg = Release|Any CPU
		{95001727-3A53-4284-A563-4EC198DC6654}.Release|Any CPU.Build.0 = Release|Any CPU
		{4A4DAC91-AF7D-4360-BE91-81B6B6C079DF}.Debug|Any CPU.ActiveCfg = Debug|Any CPU
		{4A4DAC91-AF7D-4360-BE91-81B6B6C079DF}.Debug|Any CPU.Build.0 = Debug|Any CPU
		{4A4DAC91-AF7D-4360-BE91-81B6B6C079DF}.Release|Any CPU.ActiveCfg = Release|Any CPU
		{4A4DAC91-AF7D-4360-BE91-81B6B6C079DF}.Release|Any CPU.Build.0 = Release|Any CPU
	EndGlobalSection
	GlobalSection(NestedProjects) = preSolution
	EndGlobalSection
EndGlobal
