
Microsoft Visual Studio Solution File, Format Version 12.00
# Visual Studio Version 17
VisualStudioVersion = 17.0.31903.59
MinimumVisualStudioVersion = 10.0.40219.1
Project("{F2A71F9B-5D33-465A-A702-920D77279786}") = "mig", "mig\mig.fsproj", "{11BFC92A-3EE6-4F4B-BF16-9E58283094FC}"
EndProject
Project("{FAE04EC0-301F-11D3-BF4B-00C04F79EFBC}") = "SqliteParserCs", "SqliteParserCs\SqliteParserCs.csproj", "{0D26DB31-7BE4-4B9E-B664-BC9AB67240AF}"
EndProject
Project("{F2A71F9B-5D33-465A-A702-920D77279786}") = "Test", "Test\Test.fsproj", "{FED9A465-A5D9-48EB-B9E6-1034974A9DD5}"
EndProject
Global
	GlobalSection(SolutionConfigurationPlatforms) = preSolution
		Debug|Any CPU = Debug|Any CPU
		Release|Any CPU = Release|Any CPU
	EndGlobalSection
	GlobalSection(SolutionProperties) = preSolution
		HideSolutionNode = FALSE
	EndGlobalSection
	GlobalSection(ProjectConfigurationPlatforms) = postSolution
		{11BFC92A-3EE6-4F4B-BF16-9E58283094FC}.Debug|Any CPU.ActiveCfg = Debug|Any CPU
		{11BFC92A-3EE6-4F4B-BF16-9E58283094FC}.Debug|Any CPU.Build.0 = Debug|Any CPU
		{11BFC92A-3EE6-4F4B-BF16-9E58283094FC}.Release|Any CPU.ActiveCfg = Release|Any CPU
		{11BFC92A-3EE6-4F4B-BF16-9E58283094FC}.Release|Any CPU.Build.0 = Release|Any CPU
		{0D26DB31-7BE4-4B9E-B664-BC9AB67240AF}.Debug|Any CPU.ActiveCfg = Debug|Any CPU
		{0D26DB31-7BE4-4B9E-B664-BC9AB67240AF}.Debug|Any CPU.Build.0 = Debug|Any CPU
		{0D26DB31-7BE4-4B9E-B664-BC9AB67240AF}.Release|Any CPU.ActiveCfg = Release|Any CPU
		{0D26DB31-7BE4-4B9E-B664-BC9AB67240AF}.Release|Any CPU.Build.0 = Release|Any CPU
		{FED9A465-A5D9-48EB-B9E6-1034974A9DD5}.Debug|Any CPU.ActiveCfg = Debug|Any CPU
		{FED9A465-A5D9-48EB-B9E6-1034974A9DD5}.Debug|Any CPU.Build.0 = Debug|Any CPU
		{FED9A465-A5D9-48EB-B9E6-1034974A9DD5}.Release|Any CPU.ActiveCfg = Release|Any CPU
		{FED9A465-A5D9-48EB-B9E6-1034974A9DD5}.Release|Any CPU.Build.0 = Release|Any CPU
	EndGlobalSection
EndGlobal
